
Microsoft Visual Studio Solution File, Format Version 12.00
# Visual Studio Version 17
VisualStudioVersion = 17.0.31903.59
MinimumVisualStudioVersion = 10.0.40219.1
Project("{FAE04EC0-301F-11D3-BF4B-00C04F79EFBC}") = "API", "API\API.csproj", "{5086E3FD-BE1E-4AA5-8CC5-5FFF6773E5BA}"
EndProject
Project("{FAE04EC0-301F-11D3-BF4B-00C04F79EFBC}") = "Application", "Application\Application.csproj", "{FF8023BE-ACAD-48B7-9BF4-BCC0F9ED547B}"
EndProject
Project("{FAE04EC0-301F-11D3-BF4B-00C04F79EFBC}") = "Domain", "Domain\Domain.csproj", "{39B68D3C-A8DE-4BCB-8496-43B308283AAB}"
EndProject
Project("{FAE04EC0-301F-11D3-BF4B-00C04F79EFBC}") = "Persistence", "Persistence\Persistence.csproj", "{28B9A8C3-5039-47EE-9E58-406E6A6223F2}"
EndProject
Global
	GlobalSection(SolutionConfigurationPlatforms) = preSolution
		Debug|Any CPU = Debug|Any CPU
		Release|Any CPU = Release|Any CPU
	EndGlobalSection
	GlobalSection(SolutionProperties) = preSolution
		HideSolutionNode = FALSE
	EndGlobalSection
	GlobalSection(ProjectConfigurationPlatforms) = postSolution
		{5086E3FD-BE1E-4AA5-8CC5-5FFF6773E5BA}.Debug|Any CPU.ActiveCfg = Debug|Any CPU
		{5086E3FD-BE1E-4AA5-8CC5-5FFF6773E5BA}.Debug|Any CPU.Build.0 = Debug|Any CPU
		{5086E3FD-BE1E-4AA5-8CC5-5FFF6773E5BA}.Release|Any CPU.ActiveCfg = Release|Any CPU
		{5086E3FD-BE1E-4AA5-8CC5-5FFF6773E5BA}.Release|Any CPU.Build.0 = Release|Any CPU
		{FF8023BE-ACAD-48B7-9BF4-BCC0F9ED547B}.Debug|Any CPU.ActiveCfg = Debug|Any CPU
		{FF8023BE-ACAD-48B7-9BF4-BCC0F9ED547B}.Debug|Any CPU.Build.0 = Debug|Any CPU
		{FF8023BE-ACAD-48B7-9BF4-BCC0F9ED547B}.Release|Any CPU.ActiveCfg = Release|Any CPU
		{FF8023BE-ACAD-48B7-9BF4-BCC0F9ED547B}.Release|Any CPU.Build.0 = Release|Any CPU
		{39B68D3C-A8DE-4BCB-8496-43B308283AAB}.Debug|Any CPU.ActiveCfg = Debug|Any CPU
		{39B68D3C-A8DE-4BCB-8496-43B308283AAB}.Debug|Any CPU.Build.0 = Debug|Any CPU
		{39B68D3C-A8DE-4BCB-8496-43B308283AAB}.Release|Any CPU.ActiveCfg = Release|Any CPU
		{39B68D3C-A8DE-4BCB-8496-43B308283AAB}.Release|Any CPU.Build.0 = Release|Any CPU
		{28B9A8C3-5039-47EE-9E58-406E6A6223F2}.Debug|Any CPU.ActiveCfg = Debug|Any CPU
		{28B9A8C3-5039-47EE-9E58-406E6A6223F2}.Debug|Any CPU.Build.0 = Debug|Any CPU
		{28B9A8C3-5039-47EE-9E58-406E6A6223F2}.Release|Any CPU.ActiveCfg = Release|Any CPU
		{28B9A8C3-5039-47EE-9E58-406E6A6223F2}.Release|Any CPU.Build.0 = Release|Any CPU
	EndGlobalSection
EndGlobal
